// !$*UTF8*$!
{
	archiveVersion = 1;
	classes = {
	};
	objectVersion = 77;
	objects = {

/* Begin PBXBuildFile section */
		2CB42A133074F81B007ECDFB /* Supabase in Frameworks */ = {isa = PBXBuildFile; productRef = 2CB42A123074F81B007ECDFB /* Supabase */; };
		2CB42A2D30750875007ECDFB /* GolfgutuCore in Frameworks */ = {isa = PBXBuildFile; productRef = 2CB42A2C30750875007ECDFB /* GolfgutuCore */; };
/* End PBXBuildFile section */

/* Begin PBXContainerItemProxy section */
		2CB429F13074DA5F007ECDFB /* PBXContainerItemProxy */ = {
			isa = PBXContainerItemProxy;
			containerPortal = 2CB429D93074DA5D007ECDFB /* Project object */;
			proxyType = 1;
			remoteGlobalIDString = 2CB429E03074DA5D007ECDFB;
			remoteInfo = DashDash18;
		};
		2CB429FB3074DA5F007ECDFB /* PBXContainerItemProxy */ = {
			isa = PBXContainerItemProxy;
			containerPortal = 2CB429D93074DA5D007ECDFB /* Project object */;
			proxyType = 1;
			remoteGlobalIDString = 2CB429E03074DA5D007ECDFB;
			remoteInfo = DashDash18;
		};
/* End PBXContainerItemProxy section */

/* Begin PBXFileReference section */
		2CB429E13074DA5D007ECDFB /* DashDash18.app */ = {isa = PBXFileReference; explicitFileType = wrapper.application; includeInIndex = 0; path = DashDash18.app; sourceTree = BUILT_PRODUCTS_DIR; };
		2CB429F03074DA5F007ECDFB /* DashDash18Tests.xctest */ = {isa = PBXFileReference; explicitFileType = wrapper.cfbundle; includeInIndex = 0; path = DashDash18Tests.xctest; sourceTree = BUILT_PRODUCTS_DIR; };
		2CB429FA3074DA5F007ECDFB /* DashDash18UITests.xctest */ = {isa = PBXFileReference; explicitFileType = wrapper.cfbundle; includeInIndex = 0; path = DashDash18UITests.xctest; sourceTree = BUILT_PRODUCTS_DIR; };
/* End PBXFileReference section */

/* Begin PBXFileSystemSynchronizedRootGroup section */
		2CB429E33074DA5D007ECDFB /* DashDash18 */ = {
			isa = PBXFileSystemSynchronizedRootGroup;
			path = DashDash18;
			sourceTree = "<group>";
		};
		2CB429F33074DA5F007ECDFB /* DashDash18Tests */ = {
			isa = PBXFileSystemSynchronizedRootGroup;
			path = DashDash18Tests;
			sourceTree = "<group>";
		};
		2CB429FD3074DA5F007ECDFB /* DashDash18UITests */ = {
			isa = PBXFileSystemSynchronizedRootGroup;
			path = DashDash18UITests;
			sourceTree = "<group>";
		};
/* End PBXFileSystemSynchronizedRootGroup section */

/* Begin PBXFrameworksBuildPhase section */
		2CB429DE3074DA5D007ECDFB /* Frameworks */ = {
			isa = PBXFrameworksBuildPhase;
			buildActionMask = 2147483647;
			files = (
				2CB42A2D30750875007ECDFB /* GolfgutuCore in Frameworks */,
				2CB42A133074F81B007ECDFB /* Supabase in Frameworks */,
			);
			runOnlyForDeploymentPostprocessing = 0;
		};
		2CB429ED3074DA5F007ECDFB /* Frameworks */ = {
			isa = PBXFrameworksBuildPhase;
			buildActionMask = 2147483647;
			files = (
			);
			runOnlyForDeploymentPostprocessing = 0;
		};
		2CB429F73074DA5F007ECDFB /* Frameworks */ = {
			isa = PBXFrameworksBuildPhase;
			buildActionMask = 2147483647;
			files = (
			);
			runOnlyForDeploymentPostprocessing = 0;
		};
/* End PBXFrameworksBuildPhase section */

/* Begin PBXGroup section */
		2CB429D83074DA5D007ECDFB = {
			isa = PBXGroup;
			children = (
				2CB429E33074DA5D007ECDFB /* DashDash18 */,
				2CB429F33074DA5F007ECDFB /* DashDash18Tests */,
				2CB429FD3074DA5F007ECDFB /* DashDash18UITests */,
				2CB42A113074F81B007ECDFB /* Frameworks */,
				2CB429E23074DA5D007ECDFB /* Products */,
			);
			sourceTree = "<group>";
		};
		2CB429E23074DA5D007ECDFB /* Products */ = {
			isa = PBXGroup;
			children = (
				2CB429E13074DA5D007ECDFB /* DashDash18.app */,
				2CB429F03074DA5F007ECDFB /* DashDash18Tests.xctest */,
				2CB429FA3074DA5F007ECDFB /* DashDash18UITests.xctest */,
			);
			name = Products;
			sourceTree = "<group>";
		};
		2CB42A113074F81B007ECDFB /* Frameworks */ = {
			isa = PBXGroup;
			children = (
			);
			name = Frameworks;
			sourceTree = "<group>";
		};
/* End PBXGroup section */

/* Begin PBXNativeTarget section */
		2CB429E03074DA5D007ECDFB /* DashDash18 */ = {
			isa = PBXNativeTarget;
			buildConfigurationList = 2CB42A043074DA5F007ECDFB /* Build configuration list for PBXNativeTarget "DashDash18" */;
			buildPhases = (
				2CB429DD3074DA5D007ECDFB /* Sources */,
				2CB429DE3074DA5D007ECDFB /* Frameworks */,
				2CB429DF3074DA5D007ECDFB /* Resources */,
			);
			buildRules = (
			);
			dependencies = (
			);
			fileSystemSynchronizedGroups = (
				2CB429E33074DA5D007ECDFB /* DashDash18 */,
			);
			name = DashDash18;
			packageProductDependencies = (
				2CB42A123074F81B007ECDFB /* Supabase */,
				2CB42A2C30750875007ECDFB /* GolfgutuCore */,
			);
			productName = DashDash18;
			productReference = 2CB429E13074DA5D007ECDFB /* DashDash18.app */;
			productType = "com.apple.product-type.application";
		};
		2CB429EF3074DA5F007ECDFB /* DashDash18Tests */ = {
			isa = PBXNativeTarget;
			buildConfigurationList = 2CB42A073074DA5F007ECDFB /* Build configuration list for PBXNativeTarget "DashDash18Tests" */;
			buildPhases = (
				2CB429EC3074DA5F007ECDFB /* Sources */,
				2CB429ED3074DA5F007ECDFB /* Frameworks */,
				2CB429EE3074DA5F007ECDFB /* Resources */,
			);
			buildRules = (
			);
			dependencies = (
				2CB429F23074DA5F007ECDFB /* PBXTargetDependency */,
			);
			fileSystemSynchronizedGroups = (
				2CB429F33074DA5F007ECDFB /* DashDash18Tests */,
			);
			name = DashDash18Tests;
			packageProductDependencies = (
			);
			productName = DashDash18Tests;
			productReference = 2CB429F03074DA5F007ECDFB /* DashDash18Tests.xctest */;
			productType = "com.apple.product-type.bundle.unit-test";
		};
		2CB429F93074DA5F007ECDFB /* DashDash18UITests */ = {
			isa = PBXNativeTarget;
			buildConfigurationList = 2CB42A0A3074DA5F007ECDFB /* Build configuration list for PBXNativeTarget "DashDash18UITests" */;
			buildPhases = (
				2CB429F63074DA5F007ECDFB /* Sources */,
				2CB429F73074DA5F007ECDFB /* Frameworks */,
				2CB429F83074DA5F007ECDFB /* Resources */,
			);
			buildRules = (
			);
			dependencies = (
				2CB429FC3074DA5F007ECDFB /* PBXTargetDependency */,
			);
			fileSystemSynchronizedGroups = (
				2CB429FD3074DA5F007ECDFB /* DashDash18UITests */,
			);
			name = DashDash18UITests;
			packageProductDependencies = (
			);
			productName = DashDash18UITests;
			productReference = 2CB429FA3074DA5F007ECDFB /* DashDash18UITests.xctest */;
			productType = "com.apple.product-type.bundle.ui-testing";
		};
/* End PBXNativeTarget section */

/* Begin PBXProject section */
		2CB429D93074DA5D007ECDFB /* Project object */ = {
			isa = PBXProject;
			attributes = {
				BuildIndependentTargetsInParallel = 1;
				LastSwiftUpdateCheck = 2660;
				LastUpgradeCheck = 2660;
				TargetAttributes = {
					2CB429E03074DA5D007ECDFB = {
						CreatedOnToolsVersion = 26.6;
					};
					2CB429EF3074DA5F007ECDFB = {
						CreatedOnToolsVersion = 26.6;
						TestTargetID = 2CB429E03074DA5D007ECDFB;
					};
					2CB429F93074DA5F007ECDFB = {
						CreatedOnToolsVersion = 26.6;
						TestTargetID = 2CB429E03074DA5D007ECDFB;
					};
				};
			};
			buildConfigurationList = 2CB429DC3074DA5D007ECDFB /* Build configuration list for PBXProject "DashDash18" */;
			developmentRegion = en;
			hasScannedForEncodings = 0;
			knownRegions = (
				en,
				Base,
			);
			mainGroup = 2CB429D83074DA5D007ECDFB;
			minimizedProjectReferenceProxies = 1;
			packageReferences = (
				2CB42A103074F759007ECDFB /* XCRemoteSwiftPackageReference "supabase-swift" */,
				2CB42A2B30750875007ECDFB /* XCLocalSwiftPackageReference "Packages/GolfgutuCore" */,
			);
			preferredProjectObjectVersion = 77;
			productRefGroup = 2CB429E23074DA5D007ECDFB /* Products */;
			projectDirPath = "";
			projectRoot = "";
			targets = (
				2CB429E03074DA5D007ECDFB /* DashDash18 */,
				2CB429EF3074DA5F007ECDFB /* DashDash18Tests */,
				2CB429F93074DA5F007ECDFB /* DashDash18UITests */,
			);
		};
/* End PBXProject section */

/* Begin PBXResourcesBuildPhase section */
		2CB429DF3074DA5D007ECDFB /* Resources */ = {
			isa = PBXResourcesBuildPhase;
			buildActionMask = 2147483647;
			files = (
			);
			runOnlyForDeploymentPostprocessing = 0;
		};
		2CB429EE3074DA5F007ECDFB /* Resources */ = {
			isa = PBXResourcesBuildPhase;
			buildActionMask = 2147483647;
			files = (
			);
			runOnlyForDeploymentPostprocessing = 0;
		};
		2CB429F83074DA5F007ECDFB /* Resources */ = {
			isa = PBXResourcesBuildPhase;
			buildActionMask = 2147483647;
			files = (
			);
			runOnlyForDeploymentPostprocessing = 0;
		};
/* End PBXResourcesBuildPhase section */

/* Begin PBXSourcesBuildPhase section */
		2CB429DD3074DA5D007ECDFB /* Sources */ = {
			isa = PBXSourcesBuildPhase;
			buildActionMask = 2147483647;
			files = (
			);
			runOnlyForDeploymentPostprocessing = 0;
		};
		2CB429EC3074DA5F007ECDFB /* Sources */ = {
			isa = PBXSourcesBuildPhase;
			buildActionMask = 2147483647;
			files = (
			);
			runOnlyForDeploymentPostprocessing = 0;
		};
		2CB429F63074DA5F007ECDFB /* Sources */ = {
			isa = PBXSourcesBuildPhase;
			buildActionMask = 2147483647;
			files = (
			);
			runOnlyForDeploymentPostprocessing = 0;
		};
/* End PBXSourcesBuildPhase section */

/* Begin PBXTargetDependency section */
		2CB429F23074DA5F007ECDFB /* PBXTargetDependency */ = {
			isa = PBXTargetDependency;
			target = 2CB429E03074DA5D007ECDFB /* DashDash18 */;
			targetProxy = 2CB429F13074DA5F007ECDFB /* PBXContainerItemProxy */;
		};
		2CB429FC3074DA5F007ECDFB /* PBXTargetDependency */ = {
			isa = PBXTargetDependency;
			target = 2CB429E03074DA5D007ECDFB /* DashDash18 */;
			targetProxy = 2CB429FB3074DA5F007ECDFB /* PBXContainerItemProxy */;
		};
/* End PBXTargetDependency section */

/* Begin XCBuildConfiguration section */
		2CB42A023074DA5F007ECDFB /* Debug */ = {
			isa = XCBuildConfiguration;
			buildSettings = {
				ALWAYS_SEARCH_USER_PATHS = NO;
				ASSETCATALOG_COMPILER_GENERATE_SWIFT_ASSET_SYMBOL_EXTENSIONS = YES;
				CLANG_ANALYZER_NONNULL = YES;
				CLANG_ANALYZER_NUMBER_OBJECT_CONVERSION = YES_AGGRESSIVE;
				CLANG_CXX_LANGUAGE_STANDARD = "gnu++20";
				CLANG_ENABLE_MODULES = YES;
				CLANG_ENABLE_OBJC_ARC = YES;
				CLANG_ENABLE_OBJC_WEAK = YES;
				CLANG_WARN_BLOCK_CAPTURE_AUTORELEASING = YES;
				CLANG_WARN_BOOL_CONVERSION = YES;
				CLANG_WARN_COMMA = YES;
				CLANG_WARN_CONSTANT_CONVERSION = YES;
				CLANG_WARN_DEPRECATED_OBJC_IMPLEMENTATIONS = YES;
				CLANG_WARN_DIRECT_OBJC_ISA_USAGE = YES_ERROR;
				CLANG_WARN_DOCUMENTATION_COMMENTS = YES;
				CLANG_WARN_EMPTY_BODY = YES;
				CLANG_WARN_ENUM_CONVERSION = YES;
				CLANG_WARN_INFINITE_RECURSION = YES;
				CLANG_WARN_INT_CONVERSION = YES;
				CLANG_WARN_NON_LITERAL_NULL_CONVERSION = YES;
				CLANG_WARN_OBJC_IMPLICIT_RETAIN_SELF = YES;
				CLANG_WARN_OBJC_LITERAL_CONVERSION = YES;
				CLANG_WARN_OBJC_ROOT_CLASS = YES_ERROR;
				CLANG_WARN_QUOTED_INCLUDE_IN_FRAMEWORK_HEADER = YES;
				CLANG_WARN_RANGE_LOOP_ANALYSIS = YES;
				CLANG_WARN_STRICT_PROTOTYPES = YES;
				CLANG_WARN_SUSPICIOUS_MOVE = YES;
				CLANG_WARN_UNGUARDED_AVAILABILITY = YES_AGGRESSIVE;
				CLANG_WARN_UNREACHABLE_CODE = YES;
				CLANG_WARN__DUPLICATE_METHOD_MATCH = YES;
				COPY_PHASE_STRIP = NO;
				DEBUG_INFORMATION_FORMAT = dwarf;
				DEVELOPMENT_TEAM = JNMQJPCV24;
				ENABLE_STRICT_OBJC_MSGSEND = YES;
				ENABLE_TESTABILITY = YES;
				ENABLE_USER_SCRIPT_SANDBOXING = YES;
				GCC_C_LANGUAGE_STANDARD = gnu17;
				GCC_DYNAMIC_NO_PIC = NO;
				GCC_NO_COMMON_BLOCKS = YES;
				GCC_OPTIMIZATION_LEVEL = 0;
				GCC_PREPROCESSOR_DEFINITIONS = (
					"DEBUG=1",
					"$(inherited)",
				);
				GCC_WARN_64_TO_32_BIT_CONVERSION = YES;
				GCC_WARN_ABOUT_RETURN_TYPE = YES_ERROR;
				GCC_WARN_UNDECLARED_SELECTOR = YES;
				GCC_WARN_UNINITIALIZED_AUTOS = YES_AGGRESSIVE;
				GCC_WARN_UNUSED_FUNCTION = YES;
				GCC_WARN_UNUSED_VARIABLE = YES;
				IPHONEOS_DEPLOYMENT_TARGET = 26.5;
				LOCALIZATION_PREFERS_STRING_CATALOGS = YES;
				MTL_ENABLE_DEBUG_INFO = INCLUDE_SOURCE;
				MTL_FAST_MATH = YES;
				ONLY_ACTIVE_ARCH = YES;
				SDKROOT = iphoneos;
				SWIFT_ACTIVE_COMPILATION_CONDITIONS = "DEBUG $(inherited)";
				SWIFT_OPTIMIZATION_LEVEL = "-Onone";
			};
			name = Debug;
		};
		2CB42A033074DA5F007ECDFB /* Release */ = {
			isa = XCBuildConfiguration;
			buildSettings = {
				ALWAYS_SEARCH_USER_PATHS = NO;
				ASSETCATALOG_COMPILER_GENERATE_SWIFT_ASSET_SYMBOL_EXTENSIONS = YES;
				CLANG_ANALYZER_NONNULL = YES;
				CLANG_ANALYZER_NUMBER_OBJECT_CONVERSION = YES_AGGRESSIVE;
				CLANG_CXX_LANGUAGE_STANDARD = "gnu++20";
				CLANG_ENABLE_MODULES = YES;
				CLANG_ENABLE_OBJC_ARC = YES;
				CLANG_ENABLE_OBJC_WEAK = YES;
				CLANG_WARN_BLOCK_CAPTURE_AUTORELEASING = YES;
				CLANG_WARN_BOOL_CONVERSION = YES;
				CLANG_WARN_COMMA = YES;
				CLANG_WARN_CONSTANT_CONVERSION = YES;
				CLANG_WARN_DEPRECATED_OBJC_IMPLEMENTATIONS = YES;
				CLANG_WARN_DIRECT_OBJC_ISA_USAGE = YES_ERROR;
				CLANG_WARN_DOCUMENTATION_COMMENTS = YES;
				CLANG_WARN_EMPTY_BODY = YES;
				CLANG_WARN_ENUM_CONVERSION = YES;
				CLANG_WARN_INFINITE_RECURSION = YES;
				CLANG_WARN_INT_CONVERSION = YES;
				CLANG_WARN_NON_LITERAL_NULL_CONVERSION = YES;
				CLANG_WARN_OBJC_IMPLICIT_RETAIN_SELF = YES;
				CLANG_WARN_OBJC_LITERAL_CONVERSION = YES;
				CLANG_WARN_OBJC_ROOT_CLASS = YES_ERROR;
				CLANG_WARN_QUOTED_INCLUDE_IN_FRAMEWORK_HEADER = YES;
				CLANG_WARN_RANGE_LOOP_ANALYSIS = YES;
				CLANG_WARN_STRICT_PROTOTYPES = YES;
				CLANG_WARN_SUSPICIOUS_MOVE = YES;
				CLANG_WARN_UNGUARDED_AVAILABILITY = YES_AGGRESSIVE;
				CLANG_WARN_UNREACHABLE_CODE = YES;
				CLANG_WARN__DUPLICATE_METHOD_MATCH = YES;
				COPY_PHASE_STRIP = NO;
				DEBUG_INFORMATION_FORMAT = "dwarf-with-dsym";
				DEVELOPMENT_TEAM = JNMQJPCV24;
				ENABLE_NS_ASSERTIONS = NO;
				ENABLE_STRICT_OBJC_MSGSEND = YES;
				ENABLE_USER_SCRIPT_SANDBOXING = YES;
				GCC_C_LANGUAGE_STANDARD = gnu17;
				GCC_NO_COMMON_BLOCKS = YES;
				GCC_WARN_64_TO_32_BIT_CONVERSION = YES;
				GCC_WARN_ABOUT_RETURN_TYPE = YES_ERROR;
				GCC_WARN_UNDECLARED_SELECTOR = YES;
				GCC_WARN_UNINITIALIZED_AUTOS = YES_AGGRESSIVE;
				GCC_WARN_UNUSED_FUNCTION = YES;
				GCC_WARN_UNUSED_VARIABLE = YES;
				IPHONEOS_DEPLOYMENT_TARGET = 26.5;
				LOCALIZATION_PREFERS_STRING_CATALOGS = YES;
				MTL_ENABLE_DEBUG_INFO = NO;
				MTL_FAST_MATH = YES;
				SDKROOT = iphoneos;
				SWIFT_COMPILATION_MODE = wholemodule;
				VALIDATE_PRODUCT = YES;
			};
			name = Release;
		};
		2CB42A053074DA5F007ECDFB /* Debug */ = {
			isa = XCBuildConfiguration;
			buildSettings = {
				ASSETCATALOG_COMPILER_APPICON_NAME = AppIcon;
				ASSETCATALOG_COMPILER_GLOBAL_ACCENT_COLOR_NAME = AccentColor;
				CODE_SIGN_STYLE = Automatic;
				CURRENT_PROJECT_VERSION = 1;
				DEVELOPMENT_TEAM = JNMQJPCV24;
				ENABLE_PREVIEWS = YES;
				GENERATE_INFOPLIST_FILE = YES;
				INFOPLIST_KEY_UIApplicationSceneManifest_Generation = YES;
				INFOPLIST_KEY_UIApplicationSupportsIndirectInputEvents = YES;
				INFOPLIST_KEY_UILaunchScreen_Generation = YES;
				INFOPLIST_KEY_UISupportedInterfaceOrientations = UIInterfaceOrientationPortrait;
				INFOPLIST_KEY_UISupportedInterfaceOrientations_iPad = "UIInterfaceOrientationLandscapeLeft UIInterfaceOrientationLandscapeRight UIInterfaceOrientationPortrait UIInterfaceOrientationPortraitUpsideDown";
				IPHONEOS_DEPLOYMENT_TARGET = 26.0;
				LD_RUNPATH_SEARCH_PATHS = (
					"$(inherited)",
					"@executable_path/Frameworks",
				);
				MARKETING_VERSION = 1.0;
				PRODUCT_BUNDLE_IDENTIFIER = Strek.DashDash18;
				PRODUCT_NAME = "$(TARGET_NAME)";
				STRING_CATALOG_GENERATE_SYMBOLS = YES;
				SWIFT_APPROACHABLE_CONCURRENCY = YES;
				SWIFT_DEFAULT_ACTOR_ISOLATION = MainActor;
				SWIFT_EMIT_LOC_STRINGS = YES;
				SWIFT_UPCOMING_FEATURE_MEMBER_IMPORT_VISIBILITY = YES;
				SWIFT_VERSION = 6.0;
				TARGETED_DEVICE_FAMILY = "1,2";
			};
			name = Debug;
		};
		2CB42A063074DA5F007ECDFB /* Release */ = {
			isa = XCBuildConfiguration;
			buildSettings = {
				ASSETCATALOG_COMPILER_APPICON_NAME = AppIcon;
				ASSETCATALOG_COMPILER_GLOBAL_ACCENT_COLOR_NAME = AccentColor;
				CODE_SIGN_STYLE = Automatic;
				CURRENT_PROJECT_VERSION = 1;
				DEVELOPMENT_TEAM = JNMQJPCV24;
				ENABLE_PREVIEWS = YES;
				GENERATE_INFOPLIST_FILE = YES;
				INFOPLIST_KEY_UIApplicationSceneManifest_Generation = YES;
				INFOPLIST_KEY_UIApplicationSupportsIndirectInputEvents = YES;
				INFOPLIST_KEY_UILaunchScreen_Generation = YES;
				INFOPLIST_KEY_UISupportedInterfaceOrientations = UIInterfaceOrientationPortrait;
				INFOPLIST_KEY_UISupportedInterfaceOrientations_iPad = "UIInterfaceOrientationLandscapeLeft UIInterfaceOrientationLandscapeRight UIInterfaceOrientationPortrait UIInterfaceOrientationPortraitUpsideDown";
				IPHONEOS_DEPLOYMENT_TARGET = 26.0;
				LD_RUNPATH_SEARCH_PATHS = (
					"$(inherited)",
					"@executable_path/Frameworks",
				);
				MARKETING_VERSION = 1.0;
				PRODUCT_BUNDLE_IDENTIFIER = Strek.DashDash18;
				PRODUCT_NAME = "$(TARGET_NAME)";
				STRING_CATALOG_GENERATE_SYMBOLS = YES;
				SWIFT_APPROACHABLE_CONCURRENCY = YES;
				SWIFT_DEFAULT_ACTOR_ISOLATION = MainActor;
				SWIFT_EMIT_LOC_STRINGS = YES;
				SWIFT_UPCOMING_FEATURE_MEMBER_IMPORT_VISIBILITY = YES;
				SWIFT_VERSION = 6.0;
				TARGETED_DEVICE_FAMILY = "1,2";
			};
			name = Release;
		};
		2CB42A083074DA5F007ECDFB /* Debug */ = {
			isa = XCBuildConfiguration;
			buildSettings = {
				BUNDLE_LOADER = "$(TEST_HOST)";
				CODE_SIGN_STYLE = Automatic;
				CURRENT_PROJECT_VERSION = 1;
				DEVELOPMENT_TEAM = JNMQJPCV24;
				GENERATE_INFOPLIST_FILE = YES;
				IPHONEOS_DEPLOYMENT_TARGET = 26.0;
				MARKETING_VERSION = 1.0;
				PRODUCT_BUNDLE_IDENTIFIER = Strek.DashDash18Tests;
				PRODUCT_NAME = "$(TARGET_NAME)";
				STRING_CATALOG_GENERATE_SYMBOLS = NO;
				SWIFT_APPROACHABLE_CONCURRENCY = YES;
				SWIFT_EMIT_LOC_STRINGS = NO;
				SWIFT_UPCOMING_FEATURE_MEMBER_IMPORT_VISIBILITY = YES;
				SWIFT_VERSION = 6.0;
				TARGETED_DEVICE_FAMILY = "1,2";
				TEST_HOST = "$(BUILT_PRODUCTS_DIR)/DashDash18.app/$(BUNDLE_EXECUTABLE_FOLDER_PATH)/DashDash18";
			};
			name = Debug;
		};
		2CB42A093074DA5F007ECDFB /* Release */ = {
			isa = XCBuildConfiguration;
			buildSettings = {
				BUNDLE_LOADER = "$(TEST_HOST)";
				CODE_SIGN_STYLE = Automatic;
				CURRENT_PROJECT_VERSION = 1;
				DEVELOPMENT_TEAM = JNMQJPCV24;
				GENERATE_INFOPLIST_FILE = YES;
				IPHONEOS_DEPLOYMENT_TARGET = 26.0;
				MARKETING_VERSION = 1.0;
				PRODUCT_BUNDLE_IDENTIFIER = Strek.DashDash18Tests;
				PRODUCT_NAME = "$(TARGET_NAME)";
				STRING_CATALOG_GENERATE_SYMBOLS = NO;
				SWIFT_APPROACHABLE_CONCURRENCY = YES;
				SWIFT_EMIT_LOC_STRINGS = NO;
				SWIFT_UPCOMING_FEATURE_MEMBER_IMPORT_VISIBILITY = YES;
				SWIFT_VERSION = 6.0;
				TARGETED_DEVICE_FAMILY = "1,2";
				TEST_HOST = "$(BUILT_PRODUCTS_DIR)/DashDash18.app/$(BUNDLE_EXECUTABLE_FOLDER_PATH)/DashDash18";
			};
			name = Release;
		};
		2CB42A0B3074DA5F007ECDFB /* Debug */ = {
			isa = XCBuildConfiguration;
			buildSettings = {
				CODE_SIGN_STYLE = Automatic;
				CURRENT_PROJECT_VERSION = 1;
				DEVELOPMENT_TEAM = JNMQJPCV24;
				GENERATE_INFOPLIST_FILE = YES;
				IPHONEOS_DEPLOYMENT_TARGET = 26.0;
				MARKETING_VERSION = 1.0;
				PRODUCT_BUNDLE_IDENTIFIER = Strek.DashDash18UITests;
				PRODUCT_NAME = "$(TARGET_NAME)";
				STRING_CATALOG_GENERATE_SYMBOLS = NO;
				SWIFT_APPROACHABLE_CONCURRENCY = YES;
				SWIFT_EMIT_LOC_STRINGS = NO;
				SWIFT_UPCOMING_FEATURE_MEMBER_IMPORT_VISIBILITY = YES;
				SWIFT_VERSION = 6.0;
				TARGETED_DEVICE_FAMILY = "1,2";
				TEST_TARGET_NAME = DashDash18;
			};
			name = Debug;
		};
		2CB42A0C3074DA5F007ECDFB /* Release */ = {
			isa = XCBuildConfiguration;
			buildSettings = {
				CODE_SIGN_STYLE = Automatic;
				CURRENT_PROJECT_VERSION = 1;
				DEVELOPMENT_TEAM = JNMQJPCV24;
				GENERATE_INFOPLIST_FILE = YES;
				IPHONEOS_DEPLOYMENT_TARGET = 26.0;
				MARKETING_VERSION = 1.0;
				PRODUCT_BUNDLE_IDENTIFIER = Strek.DashDash18UITests;
				PRODUCT_NAME = "$(TARGET_NAME)";
				STRING_CATALOG_GENERATE_SYMBOLS = NO;
				SWIFT_APPROACHABLE_CONCURRENCY = YES;
				SWIFT_EMIT_LOC_STRINGS = NO;
				SWIFT_UPCOMING_FEATURE_MEMBER_IMPORT_VISIBILITY = YES;
				SWIFT_VERSION = 6.0;
				TARGETED_DEVICE_FAMILY = "1,2";
				TEST_TARGET_NAME = DashDash18;
			};
			name = Release;
		};
/* End XCBuildConfiguration section */

/* Begin XCConfigurationList section */
		2CB429DC3074DA5D007ECDFB /* Build configuration list for PBXProject "DashDash18" */ = {
			isa = XCConfigurationList;
			buildConfigurations = (
				2CB42A023074DA5F007ECDFB /* Debug */,
				2CB42A033074DA5F007ECDFB /* Release */,
			);
			defaultConfigurationIsVisible = 0;
			defaultConfigurationName = Release;
		};
		2CB42A043074DA5F007ECDFB /* Build configuration list for PBXNativeTarget "DashDash18" */ = {
			isa = XCConfigurationList;
			buildConfigurations = (
				2CB42A053074DA5F007ECDFB /* Debug */,
				2CB42A063074DA5F007ECDFB /* Release */,
			);
			defaultConfigurationIsVisible = 0;
			defaultConfigurationName = Release;
		};
		2CB42A073074DA5F007ECDFB /* Build configuration list for PBXNativeTarget "DashDash18Tests" */ = {
			isa = XCConfigurationList;
			buildConfigurations = (
				2CB42A083074DA5F007ECDFB /* Debug */,
				2CB42A093074DA5F007ECDFB /* Release */,
			);
			defaultConfigurationIsVisible = 0;
			defaultConfigurationName = Release;
		};
		2CB42A0A3074DA5F007ECDFB /* Build configuration list for PBXNativeTarget "DashDash18UITests" */ = {
			isa = XCConfigurationList;
			buildConfigurations = (
				2CB42A0B3074DA5F007ECDFB /* Debug */,
				2CB42A0C3074DA5F007ECDFB /* Release */,
			);
			defaultConfigurationIsVisible = 0;
			defaultConfigurationName = Release;
		};
/* End XCConfigurationList section */

/* Begin XCLocalSwiftPackageReference section */
		2CB42A2B30750875007ECDFB /* XCLocalSwiftPackageReference "Packages/GolfgutuCore" */ = {
			isa = XCLocalSwiftPackageReference;
			relativePath = Packages/GolfgutuCore;
		};
/* End XCLocalSwiftPackageReference section */

/* Begin XCRemoteSwiftPackageReference section */
		2CB42A103074F759007ECDFB /* XCRemoteSwiftPackageReference "supabase-swift" */ = {
			isa = XCRemoteSwiftPackageReference;
			repositoryURL = "https://github.com/supabase/supabase-swift";
			requirement = {
				kind = upToNextMajorVersion;
				minimumVersion = 2.5.1;
			};
			traits = (
			);
		};
/* End XCRemoteSwiftPackageReference section */

/* Begin XCSwiftPackageProductDependency section */
		2CB42A123074F81B007ECDFB /* Supabase */ = {
			isa = XCSwiftPackageProductDependency;
			package = 2CB42A103074F759007ECDFB /* XCRemoteSwiftPackageReference "supabase-swift" */;
			productName = Supabase;
		};
		2CB42A2C30750875007ECDFB /* GolfgutuCore */ = {
			isa = XCSwiftPackageProductDependency;
			productName = GolfgutuCore;
		};
/* End XCSwiftPackageProductDependency section */
	};
	rootObject = 2CB429D93074DA5D007ECDFB /* Project object */;
}
